
Microsoft Visual Studio Solution File, Format Version 12.00
# Visual Studio Version 16
VisualStudioVersion = 16.0.30114.105
MinimumVisualStudioVersion = 10.0.40219.1
Project("{FAE04EC0-301F-11D3-BF4B-00C04F79EFBC}") = "Assigment", "Assigment\Assigment.csproj", "{D937B40B-61F8-4497-8BEA-0411008509DF}"
EndProject
Project("{FAE04EC0-301F-11D3-BF4B-00C04F79EFBC}") = "Assigment.Tests", "Assigment.Tests\Assigment.Tests.csproj", "{CE737908-B10D-4120-B1A5-D82F709D42A2}"
EndProject
Global
	GlobalSection(SolutionConfigurationPlatforms) = preSolution
		Debug|Any CPU = Debug|Any CPU
		Debug|x64 = Debug|x64
		Debug|x86 = Debug|x86
		Release|Any CPU = Release|Any CPU
		Release|x64 = Release|x64
		Release|x86 = Release|x86
	EndGlobalSection
	GlobalSection(SolutionProperties) = preSolution
		HideSolutionNode = FALSE
	EndGlobalSection
	GlobalSection(ProjectConfigurationPlatforms) = postSolution
		{D937B40B-61F8-4497-8BEA-0411008509DF}.Debug|Any CPU.ActiveCfg = Debug|Any CPU
		{D937B40B-61F8-4497-8BEA-0411008509DF}.Debug|Any CPU.Build.0 = Debug|Any CPU
		{D937B40B-61F8-4497-8BEA-0411008509DF}.Debug|x64.ActiveCfg = Debug|Any CPU
		{D937B40B-61F8-4497-8BEA-0411008509DF}.Debug|x64.Build.0 = Debug|Any CPU
		{D937B40B-61F8-4497-8BEA-0411008509DF}.Debug|x86.ActiveCfg = Debug|Any CPU
		{D937B40B-61F8-4497-8BEA-0411008509DF}.Debug|x86.Build.0 = Debug|Any CPU
		{D937B40B-61F8-4497-8BEA-0411008509DF}.Release|Any CPU.ActiveCfg = Release|Any CPU
		{D937B40B-61F8-4497-8BEA-0411008509DF}.Release|Any CPU.Build.0 = Release|Any CPU
		{D937B40B-61F8-4497-8BEA-0411008509DF}.Release|x64.ActiveCfg = Release|Any CPU
		{D937B40B-61F8-4497-8BEA-0411008509DF}.Release|x64.Build.0 = Release|Any CPU
		{D937B40B-61F8-4497-8BEA-0411008509DF}.Release|x86.ActiveCfg = Release|Any CPU
		{D937B40B-61F8-4497-8BEA-0411008509DF}.Release|x86.Build.0 = Release|Any CPU
		{CE737908-B10D-4120-B1A5-D82F709D42A2}.Debug|Any CPU.ActiveCfg = Debug|Any CPU
		{CE737908-B10D-4120-B1A5-D82F709D42A2}.Debug|Any CPU.Build.0 = Debug|Any CPU
		{CE737908-B10D-4120-B1A5-D82F709D42A2}.Debug|x64.ActiveCfg = Debug|Any CPU
		{CE737908-B10D-4120-B1A5-D82F709D42A2}.Debug|x64.Build.0 = Debug|Any CPU
		{CE737908-B10D-4120-B1A5-D82F709D42A2}.Debug|x86.ActiveCfg = Debug|Any CPU
		{CE737908-B10D-4120-B1A5-D82F709D42A2}.Debug|x86.Build.0 = Debug|Any CPU
		{CE737908-B10D-4120-B1A5-D82F709D42A2}.Release|Any CPU.ActiveCfg = Release|Any CPU
		{CE737908-B10D-4120-B1A5-D82F709D42A2}.Release|Any CPU.Build.0 = Release|Any CPU
		{CE737908-B10D-4120-B1A5-D82F709D42A2}.Release|x64.ActiveCfg = Release|Any CPU
		{CE737908-B10D-4120-B1A5-D82F709D42A2}.Release|x64.Build.0 = Release|Any CPU
		{CE737908-B10D-4120-B1A5-D82F709D42A2}.Release|x86.ActiveCfg = Release|Any CPU
		{CE737908-B10D-4120-B1A5-D82F709D42A2}.Release|x86.Build.0 = Release|Any CPU
	EndGlobalSection
EndGlobal
